github.com/goccy/go-yaml v1.19.2 h1:PmFC1S6h8ljIz6gMRBopkjP1TVT7xuwrButHID66PoM=
github.com/goccy/go-yaml v1.19.2/go.mod h1:XBurs7gK8ATbW4ZPGKgcbrY1Br56PdM69F7LkFRi1kA=
github.com/yuin/goldmark v1.7.16 h1:n+CJdUxaFMiDUNnWC3dMWCIQJSkxH4uz3ZwQBkAlVNE=
github.com/yuin/goldmark v1.7.16/go.mod h1:ip/1k0VRfGynBgxOz0yCqHrbZXhcjxyuS66Brc7iBKg=
